
Microsoft Visual Studio Solution File, Format Version 12.00
# Visual Studio Version 17
VisualStudioVersion = 17.12.35527.113 d17.12
MinimumVisualStudioVersion = 10.0.40219.1
Project("{FAE04EC0-301F-11D3-BF4B-00C04F79EFBC}") = "wgen", "wgen.csproj", "{B218BAB4-92EF-48AE-B5E1-CF45DAB641FD}"
EndProject
Project("{FAE04EC0-301F-11D3-BF4B-00C04F79EFBC}") = "TestProject", "..\TestProject\TestProject.csproj", "{2B4C02D0-11F0-4E56-B76F-0B0A011EAE13}"
EndProject
Global
	GlobalSection(SolutionConfigurationPlatforms) = preSolution
		Debug|Any CPU = Debug|Any CPU
		Release|Any CPU = Release|Any CPU
	EndGlobalSection
	GlobalSection(ProjectConfigurationPlatforms) = postSolution
		{B218BAB4-92EF-48AE-B5E1-CF45DAB641FD}.Debug|Any CPU.ActiveCfg = Debug|Any CPU
		{B218BAB4-92EF-48AE-B5E1-CF45DAB641FD}.Debug|Any CPU.Build.0 = Debug|Any CPU
		{B218BAB4-92EF-48AE-B5E1-CF45DAB641FD}.Release|Any CPU.ActiveCfg = Release|Any CPU
		{B218BAB4-92EF-48AE-B5E1-CF45DAB641FD}.Release|Any CPU.Build.0 = Release|Any CPU
		{2B4C02D0-11F0-4E56-B76F-0B0A011EAE13}.Debug|Any CPU.ActiveCfg = Debug|Any CPU
		{2B4C02D0-11F0-4E56-B76F-0B0A011EAE13}.Debug|Any CPU.Build.0 = Debug|Any CPU
		{2B4C02D0-11F0-4E56-B76F-0B0A011EAE13}.Release|Any CPU.ActiveCfg = Release|Any CPU
		{2B4C02D0-11F0-4E56-B76F-0B0A011EAE13}.Release|Any CPU.Build.0 = Release|Any CPU
	EndGlobalSection
	GlobalSection(SolutionProperties) = preSolution
		HideSolutionNode = FALSE
	EndGlobalSection
EndGlobal
